
Microsoft Visual Studio Solution File, Format Version 12.00
# Visual Studio 15
VisualStudioVersion = 15.0.27428.2043
MinimumVisualStudioVersion = 10.0.40219.1
Project("{FAE04EC0-301F-11D3-BF4B-00C04F79EFBC}") = "BasicCalculator", "BasicCalculator\BasicCalculator.csproj", "{898C3A2E-F0C3-4FE8-9B40-5D364545BC49}"
EndProject
Global
	GlobalSection(SolutionConfigurationPlatforms) = preSolution
		Debug|Any CPU = Debug|Any CPU
		Release|Any CPU = Release|Any CPU
	EndGlobalSection
	GlobalSection(ProjectConfigurationPlatforms) = postSolution
		{898C3A2E-F0C3-4FE8-9B40-5D364545BC49}.Debug|Any CPU.ActiveCfg = Debug|Any CPU
		{898C3A2E-F0C3-4FE8-9B40-5D364545BC49}.Debug|Any CPU.Build.0 = Debug|Any CPU
		{898C3A2E-F0C3-4FE8-9B40-5D364545BC49}.Release|Any CPU.ActiveCfg = Release|Any CPU
		{898C3A2E-F0C3-4FE8-9B40-5D364545BC49}.Release|Any CPU.Build.0 = Release|Any CPU
	EndGlobalSection
	GlobalSection(SolutionProperties) = preSolution
		HideSolutionNode = FALSE
	EndGlobalSection
	GlobalSection(ExtensibilityGlobals) = postSolution
		SolutionGuid = {DE8098D8-CF3E-4875-A7CC-665A85E6B94C}
	EndGlobalSection
EndGlobal
